
Microsoft Visual Studio Solution File, Format Version 12.00
# Visual Studio 15
VisualStudioVersion = 15.0.28307.1340
MinimumVisualStudioVersion = 10.0.40219.1
Project("{FAE04EC0-301F-11D3-BF4B-00C04F79EFBC}") = "xiomaTest", "xiomaTest\xiomaTest.csproj", "{1FE3C249-7997-46D0-B0BA-8DC79A2BB3C9}"
EndProject
Project("{FAE04EC0-301F-11D3-BF4B-00C04F79EFBC}") = "XiomaTestWeb", "XiomaTestWeb\XiomaTestWeb.csproj", "{4748F048-7B8D-4D3E-9E8F-7E6A6687C68C}"
EndProject
Global
	GlobalSection(SolutionConfigurationPlatforms) = preSolution
		Debug|Any CPU = Debug|Any CPU
		Release|Any CPU = Release|Any CPU
	EndGlobalSection
	GlobalSection(ProjectConfigurationPlatforms) = postSolution
		{1FE3C249-7997-46D0-B0BA-8DC79A2BB3C9}.Debug|Any CPU.ActiveCfg = Debug|Any CPU
		{1FE3C249-7997-46D0-B0BA-8DC79A2BB3C9}.Debug|Any CPU.Build.0 = Debug|Any CPU
		{1FE3C249-7997-46D0-B0BA-8DC79A2BB3C9}.Release|Any CPU.ActiveCfg = Release|Any CPU
		{1FE3C249-7997-46D0-B0BA-8DC79A2BB3C9}.Release|Any CPU.Build.0 = Release|Any CPU
		{4748F048-7B8D-4D3E-9E8F-7E6A6687C68C}.Debug|Any CPU.ActiveCfg = Debug|Any CPU
		{4748F048-7B8D-4D3E-9E8F-7E6A6687C68C}.Debug|Any CPU.Build.0 = Debug|Any CPU
		{4748F048-7B8D-4D3E-9E8F-7E6A6687C68C}.Release|Any CPU.ActiveCfg = Release|Any CPU
		{4748F048-7B8D-4D3E-9E8F-7E6A6687C68C}.Release|Any CPU.Build.0 = Release|Any CPU
	EndGlobalSection
	GlobalSection(SolutionProperties) = preSolution
		HideSolutionNode = FALSE
	EndGlobalSection
	GlobalSection(ExtensibilityGlobals) = postSolution
		SolutionGuid = {862354B1-D65A-49C3-BFEC-179BDD4E9CCA}
	EndGlobalSection
EndGlobal
